
Microsoft Visual Studio Solution File, Format Version 12.00
# Visual Studio Version 16
VisualStudioVersion = 16.0.31112.23
MinimumVisualStudioVersion = 10.0.40219.1
Project("{FAE04EC0-301F-11D3-BF4B-00C04F79EFBC}") = "PruebaTata", "PruebaTata.csproj", "{DE1F8A83-1ADC-45CE-B83C-0C1FC3606A55}"
EndProject
Global
	GlobalSection(SolutionConfigurationPlatforms) = preSolution
		Debug|Any CPU = Debug|Any CPU
		Release|Any CPU = Release|Any CPU
	EndGlobalSection
	GlobalSection(ProjectConfigurationPlatforms) = postSolution
		{DE1F8A83-1ADC-45CE-B83C-0C1FC3606A55}.Debug|Any CPU.ActiveCfg = Debug|Any CPU
		{DE1F8A83-1ADC-45CE-B83C-0C1FC3606A55}.Debug|Any CPU.Build.0 = Debug|Any CPU
		{DE1F8A83-1ADC-45CE-B83C-0C1FC3606A55}.Release|Any CPU.ActiveCfg = Release|Any CPU
		{DE1F8A83-1ADC-45CE-B83C-0C1FC3606A55}.Release|Any CPU.Build.0 = Release|Any CPU
	EndGlobalSection
	GlobalSection(SolutionProperties) = preSolution
		HideSolutionNode = FALSE
	EndGlobalSection
	GlobalSection(ExtensibilityGlobals) = postSolution
		SolutionGuid = {16E68B05-3FA3-46CC-8949-7E3376579F01}
	EndGlobalSection
EndGlobal
